{
  "nodes": {
    "flake-parts": {
      "inputs": {
        "nixpkgs-lib": [
          "nixpkgs"
        ]
      },
      "locked": {
        "lastModified": 1688254665,
        "narHash": "sha256-8FHEgBrr7gYNiS/NzCxIO3m4hvtLRW9YY1nYo1ivm3o=",
        "owner": "hercules-ci",
        "repo": "flake-parts",
        "rev": "267149c58a14d15f7f81b4d737308421de9d7152",
        "type": "github"
      },
      "original": {
        "owner": "hercules-ci",
        "repo": "flake-parts",
        "type": "github"
      }
    },
    "nix-filter": {
      "locked": {
        "lastModified": 1687178632,
        "narHash": "sha256-HS7YR5erss0JCaUijPeyg2XrisEb959FIct3n2TMGbE=",
        "owner": "numtide",
        "repo": "nix-filter",
        "rev": "d90c75e8319d0dd9be67d933d8eb9d0894ec9174",
        "type": "github"
      },
      "original": {
        "owner": "numtide",
        "repo": "nix-filter",
        "type": "github"
      }
    },
    "nixpkgs": {
      "locked": {
        "lastModified": 1688221086,
        "narHash": "sha256-cdW6qUL71cNWhHCpMPOJjlw0wzSRP0pVlRn2vqX/VVg=",
        "owner": "NixOS",
        "repo": "nixpkgs",
        "rev": "cd99c2b3c9f160cd004318e0697f90bbd5960825",
        "type": "github"
      },
      "original": {
        "owner": "NixOS",
        "ref": "nixpkgs-unstable",
        "repo": "nixpkgs",
        "type": "github"
      }
    },
    "root": {
      "inputs": {
        "flake-parts": "flake-parts",
        "nix-filter": "nix-filter",
        "nixpkgs": "nixpkgs"
      }
    }
  },
  "root": "root",
  "version": 7
}
